
Microsoft Visual Studio Solution File, Format Version 12.00
# Visual Studio Version 16
VisualStudioVersion = 16.0.30330.147
MinimumVisualStudioVersion = 10.0.40219.1
Project("{FAE04EC0-301F-11D3-BF4B-00C04F79EFBC}") = "TPS_Online", "TPS_Online.csproj", "{80400205-F256-4FFF-809C-6A98081CE6BC}"
EndProject
Global
	GlobalSection(SolutionConfigurationPlatforms) = preSolution
		Debug|Any CPU = Debug|Any CPU
		Release|Any CPU = Release|Any CPU
	EndGlobalSection
	GlobalSection(ProjectConfigurationPlatforms) = postSolution
		{80400205-F256-4FFF-809C-6A98081CE6BC}.Debug|Any CPU.ActiveCfg = Debug|Any CPU
		{80400205-F256-4FFF-809C-6A98081CE6BC}.Debug|Any CPU.Build.0 = Debug|Any CPU
		{80400205-F256-4FFF-809C-6A98081CE6BC}.Release|Any CPU.ActiveCfg = Release|Any CPU
		{80400205-F256-4FFF-809C-6A98081CE6BC}.Release|Any CPU.Build.0 = Release|Any CPU
	EndGlobalSection
	GlobalSection(SolutionProperties) = preSolution
		HideSolutionNode = FALSE
	EndGlobalSection
	GlobalSection(ExtensibilityGlobals) = postSolution
		SolutionGuid = {9DCDAB63-18C8-449C-B093-39A2D3DF2162}
	EndGlobalSection
EndGlobal
